
Microsoft Visual Studio Solution File, Format Version 12.00
# Visual Studio Version 16
VisualStudioVersion = 16.0.32602.291
MinimumVisualStudioVersion = 10.0.40219.1
Project("{FAE04EC0-301F-11D3-BF4B-00C04F79EFBC}") = "Locadora", "Locadora\Locadora.csproj", "{70F3C7FE-7663-4F6E-A954-78EC1B7C6B43}"
EndProject
Global
	GlobalSection(SolutionConfigurationPlatforms) = preSolution
		Debug|Any CPU = Debug|Any CPU
		Release|Any CPU = Release|Any CPU
	EndGlobalSection
	GlobalSection(ProjectConfigurationPlatforms) = postSolution
		{70F3C7FE-7663-4F6E-A954-78EC1B7C6B43}.Debug|Any CPU.ActiveCfg = Debug|Any CPU
		{70F3C7FE-7663-4F6E-A954-78EC1B7C6B43}.Debug|Any CPU.Build.0 = Debug|Any CPU
		{70F3C7FE-7663-4F6E-A954-78EC1B7C6B43}.Release|Any CPU.ActiveCfg = Release|Any CPU
		{70F3C7FE-7663-4F6E-A954-78EC1B7C6B43}.Release|Any CPU.Build.0 = Release|Any CPU
	EndGlobalSection
	GlobalSection(SolutionProperties) = preSolution
		HideSolutionNode = FALSE
	EndGlobalSection
	GlobalSection(ExtensibilityGlobals) = postSolution
		SolutionGuid = {55E7D1EE-335E-48CA-9475-DE914BF87162}
	EndGlobalSection
EndGlobal
